
Microsoft Visual Studio Solution File, Format Version 12.00
# Visual Studio Version 16
VisualStudioVersion = 16.0.29306.81
MinimumVisualStudioVersion = 10.0.40219.1
Project("{FAE04EC0-301F-11D3-BF4B-00C04F79EFBC}") = "FightSimAgainProject", "FightSimAgainProject\FightSimAgainProject.csproj", "{0827DDD2-17FA-460B-831F-DAEABEA0F15B}"
EndProject
Global
	GlobalSection(SolutionConfigurationPlatforms) = preSolution
		Debug|Any CPU = Debug|Any CPU
		Release|Any CPU = Release|Any CPU
	EndGlobalSection
	GlobalSection(ProjectConfigurationPlatforms) = postSolution
		{0827DDD2-17FA-460B-831F-DAEABEA0F15B}.Debug|Any CPU.ActiveCfg = Debug|Any CPU
		{0827DDD2-17FA-460B-831F-DAEABEA0F15B}.Debug|Any CPU.Build.0 = Debug|Any CPU
		{0827DDD2-17FA-460B-831F-DAEABEA0F15B}.Release|Any CPU.ActiveCfg = Release|Any CPU
		{0827DDD2-17FA-460B-831F-DAEABEA0F15B}.Release|Any CPU.Build.0 = Release|Any CPU
	EndGlobalSection
	GlobalSection(SolutionProperties) = preSolution
		HideSolutionNode = FALSE
	EndGlobalSection
	GlobalSection(ExtensibilityGlobals) = postSolution
		SolutionGuid = {57F4BDF6-09D3-4DF2-AE08-C8B1445AFAED}
	EndGlobalSection
EndGlobal
